
Microsoft Visual Studio Solution File, Format Version 12.00
# Visual Studio Version 16
VisualStudioVersion = 16.0.31515.178
MinimumVisualStudioVersion = 10.0.40219.1
Project("{8BC9CEB8-8B4A-11D0-8D11-00A0C91BC942}") = "RayMarcherAss2", "RayMarcherAss2\RayMarcherAss2.vcxproj", "{8ECC6DC5-B263-44D1-A944-B05C2455860F}"
EndProject
Project("{8BC9CEB8-8B4A-11D0-8D11-00A0C91BC942}") = "RayMarcherAss2Simplified", "RayMarcherAss2Simplified\RayMarcherAss2Simplified.vcxproj", "{8ECC6DC5-B263-44D1-A944-B15C2465860F}"
EndProject
Project("{8BC9CEB8-8B4A-11D0-8D11-00A0C91BC942}") = "Stage1", "Stage1\Stage1.vcxproj", "{01631185-DEEC-485E-8878-932CCAA4CA77}"
EndProject
Project("{8BC9CEB8-8B4A-11D0-8D11-00A0C91BC942}") = "Stage2", "Stage2\Stage2.vcxproj", "{621129FF-5EB9-4BD9-AC10-7CD545CE8386}"
EndProject
Project("{8BC9CEB8-8B4A-11D0-8D11-00A0C91BC942}") = "Stage3", "Stage3\Stage3.vcxproj", "{621129FF-5EB9-4BD9-AC10-7CD545CE8486}"
EndProject
Project("{8BC9CEB8-8B4A-11D0-8D11-00A0C91BC942}") = "Stage4", "Stage4\Stage4.vcxproj", "{621129FF-5EB9-4BD9-AC10-7CD540CE8386}"
EndProject
Project("{8BC9CEB8-8B4A-11D0-8D11-00A0C91BC942}") = "Stage5", "Stage5\Stage5.vcxproj", "{621129FF-5EB9-4BD9-AC10-7CD540CE8776}"
EndProject
Global
	GlobalSection(SolutionConfigurationPlatforms) = preSolution
		Debug|x64 = Debug|x64
		FastRelease|x64 = FastRelease|x64
		Release|x64 = Release|x64
	EndGlobalSection
	GlobalSection(ProjectConfigurationPlatforms) = postSolution
		{8ECC6DC5-B263-44D1-A944-B05C2455860F}.Debug|x64.ActiveCfg = Debug|x64
		{8ECC6DC5-B263-44D1-A944-B05C2455860F}.Debug|x64.Build.0 = Debug|x64
		{8ECC6DC5-B263-44D1-A944-B05C2455860F}.FastRelease|x64.ActiveCfg = FastRelease|x64
		{8ECC6DC5-B263-44D1-A944-B05C2455860F}.FastRelease|x64.Build.0 = FastRelease|x64
		{8ECC6DC5-B263-44D1-A944-B05C2455860F}.Release|x64.ActiveCfg = Release|x64
		{8ECC6DC5-B263-44D1-A944-B05C2455860F}.Release|x64.Build.0 = Release|x64
		{8ECC6DC5-B263-44D1-A944-B15C2465860F}.Debug|x64.ActiveCfg = Debug|x64
		{8ECC6DC5-B263-44D1-A944-B15C2465860F}.Debug|x64.Build.0 = Debug|x64
		{8ECC6DC5-B263-44D1-A944-B15C2465860F}.FastRelease|x64.ActiveCfg = FastRelease|x64
		{8ECC6DC5-B263-44D1-A944-B15C2465860F}.FastRelease|x64.Build.0 = FastRelease|x64
		{8ECC6DC5-B263-44D1-A944-B15C2465860F}.Release|x64.ActiveCfg = Release|x64
		{8ECC6DC5-B263-44D1-A944-B15C2465860F}.Release|x64.Build.0 = Release|x64
		{01631185-DEEC-485E-8878-932CCAA4CA77}.Debug|x64.ActiveCfg = Debug|x64
		{01631185-DEEC-485E-8878-932CCAA4CA77}.Debug|x64.Build.0 = Debug|x64
		{01631185-DEEC-485E-8878-932CCAA4CA77}.FastRelease|x64.ActiveCfg = FastRelease|x64
		{01631185-DEEC-485E-8878-932CCAA4CA77}.FastRelease|x64.Build.0 = FastRelease|x64
		{01631185-DEEC-485E-8878-932CCAA4CA77}.Release|x64.ActiveCfg = Release|x64
		{01631185-DEEC-485E-8878-932CCAA4CA77}.Release|x64.Build.0 = Release|x64
		{621129FF-5EB9-4BD9-AC10-7CD545CE8386}.Debug|x64.ActiveCfg = Debug|x64
		{621129FF-5EB9-4BD9-AC10-7CD545CE8386}.Debug|x64.Build.0 = Debug|x64
		{621129FF-5EB9-4BD9-AC10-7CD545CE8386}.FastRelease|x64.ActiveCfg = FastRelease|x64
		{621129FF-5EB9-4BD9-AC10-7CD545CE8386}.FastRelease|x64.Build.0 = FastRelease|x64
		{621129FF-5EB9-4BD9-AC10-7CD545CE8386}.Release|x64.ActiveCfg = Release|x64
		{621129FF-5EB9-4BD9-AC10-7CD545CE8386}.Release|x64.Build.0 = Release|x64
		{621129FF-5EB9-4BD9-AC10-7CD545CE8486}.Debug|x64.ActiveCfg = Debug|x64
		{621129FF-5EB9-4BD9-AC10-7CD545CE8486}.Debug|x64.Build.0 = Debug|x64
		{621129FF-5EB9-4BD9-AC10-7CD545CE8486}.FastRelease|x64.ActiveCfg = FastRelease|x64
		{621129FF-5EB9-4BD9-AC10-7CD545CE8486}.FastRelease|x64.Build.0 = FastRelease|x64
		{621129FF-5EB9-4BD9-AC10-7CD545CE8486}.Release|x64.ActiveCfg = Release|x64
		{621129FF-5EB9-4BD9-AC10-7CD545CE8486}.Release|x64.Build.0 = Release|x64
		{621129FF-5EB9-4BD9-AC10-7CD540CE8386}.Debug|x64.ActiveCfg = Debug|x64
		{621129FF-5EB9-4BD9-AC10-7CD540CE8386}.Debug|x64.Build.0 = Debug|x64
		{621129FF-5EB9-4BD9-AC10-7CD540CE8386}.FastRelease|x64.ActiveCfg = FastRelease|x64
		{621129FF-5EB9-4BD9-AC10-7CD540CE8386}.FastRelease|x64.Build.0 = FastRelease|x64
		{621129FF-5EB9-4BD9-AC10-7CD540CE8386}.Release|x64.ActiveCfg = Release|x64
		{621129FF-5EB9-4BD9-AC10-7CD540CE8386}.Release|x64.Build.0 = Release|x64
		{621129FF-5EB9-4BD9-AC10-7CD540CE8776}.Debug|x64.ActiveCfg = Debug|x64
		{621129FF-5EB9-4BD9-AC10-7CD540CE8776}.Debug|x64.Build.0 = Debug|x64
		{621129FF-5EB9-4BD9-AC10-7CD540CE8776}.FastRelease|x64.ActiveCfg = FastRelease|x64
		{621129FF-5EB9-4BD9-AC10-7CD540CE8776}.FastRelease|x64.Build.0 = FastRelease|x64
		{621129FF-5EB9-4BD9-AC10-7CD540CE8776}.Release|x64.ActiveCfg = Release|x64
		{621129FF-5EB9-4BD9-AC10-7CD540CE8776}.Release|x64.Build.0 = Release|x64
	EndGlobalSection
	GlobalSection(SolutionProperties) = preSolution
		HideSolutionNode = FALSE
	EndGlobalSection
	GlobalSection(ExtensibilityGlobals) = postSolution
		SolutionGuid = {CFDAF53C-B193-4B48-9196-05BE6FCD3BDC}
	EndGlobalSection
EndGlobal
